
Microsoft Visual Studio Solution File, Format Version 12.00
# Visual Studio Version 17
VisualStudioVersion = 17.12.35527.113
MinimumVisualStudioVersion = 10.0.40219.1
Project("{FAE04EC0-301F-11D3-BF4B-00C04F79EFBC}") = "MulticastFunc", "MulticastFunc\MulticastFunc.csproj", "{8C3765FC-196D-4B7C-BFC6-B7404EB3AD4B}"
EndProject
Project("{FAE04EC0-301F-11D3-BF4B-00C04F79EFBC}") = "MulticastFuncTests", "MulticastFuncTests\MulticastFuncTests.csproj", "{00832F8C-4CAC-4DD2-AB48-64A034DF7F00}"
EndProject
Project("{FAE04EC0-301F-11D3-BF4B-00C04F79EFBC}") = "MulticastFuncBenchmark", "MulticastFuncBenchmark\MulticastFuncBenchmark.csproj", "{876AEAB6-87AE-45FA-A6CC-0D36CF34352F}"
EndProject
Global
	GlobalSection(SolutionConfigurationPlatforms) = preSolution
		Debug|Any CPU = Debug|Any CPU
		Release|Any CPU = Release|Any CPU
	EndGlobalSection
	GlobalSection(ProjectConfigurationPlatforms) = postSolution
		{8C3765FC-196D-4B7C-BFC6-B7404EB3AD4B}.Debug|Any CPU.ActiveCfg = Debug|Any CPU
		{8C3765FC-196D-4B7C-BFC6-B7404EB3AD4B}.Debug|Any CPU.Build.0 = Debug|Any CPU
		{8C3765FC-196D-4B7C-BFC6-B7404EB3AD4B}.Release|Any CPU.ActiveCfg = Release|Any CPU
		{8C3765FC-196D-4B7C-BFC6-B7404EB3AD4B}.Release|Any CPU.Build.0 = Release|Any CPU
		{00832F8C-4CAC-4DD2-AB48-64A034DF7F00}.Debug|Any CPU.ActiveCfg = Debug|Any CPU
		{00832F8C-4CAC-4DD2-AB48-64A034DF7F00}.Debug|Any CPU.Build.0 = Debug|Any CPU
		{00832F8C-4CAC-4DD2-AB48-64A034DF7F00}.Release|Any CPU.ActiveCfg = Release|Any CPU
		{00832F8C-4CAC-4DD2-AB48-64A034DF7F00}.Release|Any CPU.Build.0 = Release|Any CPU
		{876AEAB6-87AE-45FA-A6CC-0D36CF34352F}.Debug|Any CPU.ActiveCfg = Debug|Any CPU
		{876AEAB6-87AE-45FA-A6CC-0D36CF34352F}.Debug|Any CPU.Build.0 = Debug|Any CPU
		{876AEAB6-87AE-45FA-A6CC-0D36CF34352F}.Release|Any CPU.ActiveCfg = Release|Any CPU
		{876AEAB6-87AE-45FA-A6CC-0D36CF34352F}.Release|Any CPU.Build.0 = Release|Any CPU
	EndGlobalSection
	GlobalSection(SolutionProperties) = preSolution
		HideSolutionNode = FALSE
	EndGlobalSection
	GlobalSection(ExtensibilityGlobals) = postSolution
		SolutionGuid = {BF500119-58A4-462E-9D4F-83BDF2CCF526}
	EndGlobalSection
EndGlobal
